// !$*UTF8*$!
{
	archiveVersion = 1;
	classes = {
	};
	objectVersion = 55;
	objects = {

/* Begin PBXBuildFile section */
		5E45C4D62728FB4000BA4EFB /* AppDelegate.swift in Sources */ = {isa = PBXBuildFile; fileRef = 5E45C4D52728FB4000BA4EFB /* AppDelegate.swift */; };
		5E45C4D82728FB4000BA4EFB /* SceneDelegate.swift in Sources */ = {isa = PBXBuildFile; fileRef = 5E45C4D72728FB4000BA4EFB /* SceneDelegate.swift */; };
		5E45C4DA2728FB4000BA4EFB /* ViewController.swift in Sources */ = {isa = PBXBuildFile; fileRef = 5E45C4D92728FB4000BA4EFB /* ViewController.swift */; };
		5E45C4DD2728FB4000BA4EFB /* Main.storyboard in Resources */ = {isa = PBXBuildFile; fileRef = 5E45C4DB2728FB4000BA4EFB /* Main.storyboard */; };
		5E45C4DF2728FB4300BA4EFB /* Assets.xcassets in Resources */ = {isa = PBXBuildFile; fileRef = 5E45C4DE2728FB4300BA4EFB /* Assets.xcassets */; };
		5E45C4E22728FB4300BA4EFB /* LaunchScreen.storyboard in Resources */ = {isa = PBXBuildFile; fileRef = 5E45C4E02728FB4300BA4EFB /* LaunchScreen.storyboard */; };
		5E45C4ED2728FB4400BA4EFB /* WebViewDemoTests.swift in Sources */ = {isa = PBXBuildFile; fileRef = 5E45C4EC2728FB4400BA4EFB /* WebViewDemoTests.swift */; };
		5E45C4F72728FB4400BA4EFB /* WebViewDemoUITests.swift in Sources */ = {isa = PBXBuildFile; fileRef = 5E45C4F62728FB4400BA4EFB /* WebViewDemoUITests.swift */; };
		5E45C4F92728FB4400BA4EFB /* WebViewDemoUITestsLaunchTests.swift in Sources */ = {isa = PBXBuildFile; fileRef = 5E45C4F82728FB4400BA4EFB /* WebViewDemoUITestsLaunchTests.swift */; };
/* End PBXBuildFile section */

/* Begin PBXContainerItemProxy section */
		5E45C4E92728FB4400BA4EFB /* PBXContainerItemProxy */ = {
			isa = PBXContainerItemProxy;
			containerPortal = 5E45C4CA2728FB4000BA4EFB /* Project object */;
			proxyType = 1;
			remoteGlobalIDString = 5E45C4D12728FB4000BA4EFB;
			remoteInfo = WebViewDemo;
		};
		5E45C4F32728FB4400BA4EFB /* PBXContainerItemProxy */ = {
			isa = PBXContainerItemProxy;
			containerPortal = 5E45C4CA2728FB4000BA4EFB /* Project object */;
			proxyType = 1;
			remoteGlobalIDString = 5E45C4D12728FB4000BA4EFB;
			remoteInfo = WebViewDemo;
		};
/* End PBXContainerItemProxy section */

/* Begin PBXFileReference section */
		5E45C4D22728FB4000BA4EFB /* WebViewDemo.app */ = {isa = PBXFileReference; explicitFileType = wrapper.application; includeInIndex = 0; path = WebViewDemo.app; sourceTree = BUILT_PRODUCTS_DIR; };
		5E45C4D52728FB4000BA4EFB /* AppDelegate.swift */ = {isa = PBXFileReference; lastKnownFileType = sourcecode.swift; path = AppDelegate.swift; sourceTree = "<group>"; };
		5E45C4D72728FB4000BA4EFB /* SceneDelegate.swift */ = {isa = PBXFileReference; lastKnownFileType = sourcecode.swift; path = SceneDelegate.swift; sourceTree = "<group>"; };
		5E45C4D92728FB4000BA4EFB /* ViewController.swift */ = {isa = PBXFileReference; lastKnownFileType = sourcecode.swift; path = ViewController.swift; sourceTree = "<group>"; };
		5E45C4DC2728FB4000BA4EFB /* Base */ = {isa = PBXFileReference; lastKnownFileType = file.storyboard; name = Base; path = Base.lproj/Main.storyboard; sourceTree = "<group>"; };
		5E45C4DE2728FB4300BA4EFB /* Assets.xcassets */ = {isa = PBXFileReference; lastKnownFileType = folder.assetcatalog; path = Assets.xcassets; sourceTree = "<group>"; };
		5E45C4E12728FB4300BA4EFB /* Base */ = {isa = PBXFileReference; lastKnownFileType = file.storyboard; name = Base; path = Base.lproj/LaunchScreen.storyboard; sourceTree = "<group>"; };
		5E45C4E32728FB4300BA4EFB /* Info.plist */ = {isa = PBXFileReference; lastKnownFileType = text.plist.xml; path = Info.plist; sourceTree = "<group>"; };
		5E45C4E82728FB4400BA4EFB /* WebViewDemoTests.xctest */ = {isa = PBXFileReference; explicitFileType = wrapper.cfbundle; includeInIndex = 0; path = WebViewDemoTests.xctest; sourceTree = BUILT_PRODUCTS_DIR; };
		5E45C4EC2728FB4400BA4EFB /* WebViewDemoTests.swift */ = {isa = PBXFileReference; lastKnownFileType = sourcecode.swift; path = WebViewDemoTests.swift; sourceTree = "<group>"; };
		5E45C4F22728FB4400BA4EFB /* WebViewDemoUITests.xctest */ = {isa = PBXFileReference; explicitFileType = wrapper.cfbundle; includeInIndex = 0; path = WebViewDemoUITests.xctest; sourceTree = BUILT_PRODUCTS_DIR; };
		5E45C4F62728FB4400BA4EFB /* WebViewDemoUITests.swift */ = {isa = PBXFileReference; lastKnownFileType = sourcecode.swift; path = WebViewDemoUITests.swift; sourceTree = "<group>"; };
		5E45C4F82728FB4400BA4EFB /* WebViewDemoUITestsLaunchTests.swift */ = {isa = PBXFileReference; lastKnownFileType = sourcecode.swift; path = WebViewDemoUITestsLaunchTests.swift; sourceTree = "<group>"; };
/* End PBXFileReference section */

/* Begin PBXFrameworksBuildPhase section */
		5E45C4CF2728FB4000BA4EFB /* Frameworks */ = {
			isa = PBXFrameworksBuildPhase;
			buildActionMask = 2147483647;
			files = (
			);
			runOnlyForDeploymentPostprocessing = 0;
		};
		5E45C4E52728FB4400BA4EFB /* Frameworks */ = {
			isa = PBXFrameworksBuildPhase;
			buildActionMask = 2147483647;
			files = (
			);
			runOnlyForDeploymentPostprocessing = 0;
		};
		5E45C4EF2728FB4400BA4EFB /* Frameworks */ = {
			isa = PBXFrameworksBuildPhase;
			buildActionMask = 2147483647;
			files = (
			);
			runOnlyForDeploymentPostprocessing = 0;
		};
/* End PBXFrameworksBuildPhase section */

/* Begin PBXGroup section */
		5E45C4C92728FB4000BA4EFB = {
			isa = PBXGroup;
			children = (
				5E45C4D42728FB4000BA4EFB /* WebViewDemo */,
				5E45C4EB2728FB4400BA4EFB /* WebViewDemoTests */,
				5E45C4F52728FB4400BA4EFB /* WebViewDemoUITests */,
				5E45C4D32728FB4000BA4EFB /* Products */,
			);
			sourceTree = "<group>";
		};
		5E45C4D32728FB4000BA4EFB /* Products */ = {
			isa = PBXGroup;
			children = (
				5E45C4D22728FB4000BA4EFB /* WebViewDemo.app */,
				5E45C4E82728FB4400BA4EFB /* WebViewDemoTests.xctest */,
				5E45C4F22728FB4400BA4EFB /* WebViewDemoUITests.xctest */,
			);
			name = Products;
			sourceTree = "<group>";
		};
		5E45C4D42728FB4000BA4EFB /* WebViewDemo */ = {
			isa = PBXGroup;
			children = (
				5E45C4D52728FB4000BA4EFB /* AppDelegate.swift */,
				5E45C4D72728FB4000BA4EFB /* SceneDelegate.swift */,
				5E45C4D92728FB4000BA4EFB /* ViewController.swift */,
				5E45C4DB2728FB4000BA4EFB /* Main.storyboard */,
				5E45C4DE2728FB4300BA4EFB /* Assets.xcassets */,
				5E45C4E02728FB4300BA4EFB /* LaunchScreen.storyboard */,
				5E45C4E32728FB4300BA4EFB /* Info.plist */,
			);
			path = WebViewDemo;
			sourceTree = "<group>";
		};
		5E45C4EB2728FB4400BA4EFB /* WebViewDemoTests */ = {
			isa = PBXGroup;
			children = (
				5E45C4EC2728FB4400BA4EFB /* WebViewDemoTests.swift */,
			);
			path = WebViewDemoTests;
			sourceTree = "<group>";
		};
		5E45C4F52728FB4400BA4EFB /* WebViewDemoUITests */ = {
			isa = PBXGroup;
			children = (
				5E45C4F62728FB4400BA4EFB /* WebViewDemoUITests.swift */,
				5E45C4F82728FB4400BA4EFB /* WebViewDemoUITestsLaunchTests.swift */,
			);
			path = WebViewDemoUITests;
			sourceTree = "<group>";
		};
/* End PBXGroup section */

/* Begin PBXNativeTarget section */
		5E45C4D12728FB4000BA4EFB /* WebViewDemo */ = {
			isa = PBXNativeTarget;
			buildConfigurationList = 5E45C4FC2728FB4400BA4EFB /* Build configuration list for PBXNativeTarget "WebViewDemo" */;
			buildPhases = (
				5E45C4CE2728FB4000BA4EFB /* Sources */,
				5E45C4CF2728FB4000BA4EFB /* Frameworks */,
				5E45C4D02728FB4000BA4EFB /* Resources */,
			);
			buildRules = (
			);
			dependencies = (
			);
			name = WebViewDemo;
			productName = WebViewDemo;
			productReference = 5E45C4D22728FB4000BA4EFB /* WebViewDemo.app */;
			productType = "com.apple.product-type.application";
		};
		5E45C4E72728FB4400BA4EFB /* WebViewDemoTests */ = {
			isa = PBXNativeTarget;
			buildConfigurationList = 5E45C4FF2728FB4400BA4EFB /* Build configuration list for PBXNativeTarget "WebViewDemoTests" */;
			buildPhases = (
				5E45C4E42728FB4400BA4EFB /* Sources */,
				5E45C4E52728FB4400BA4EFB /* Frameworks */,
				5E45C4E62728FB4400BA4EFB /* Resources */,
			);
			buildRules = (
			);
			dependencies = (
				5E45C4EA2728FB4400BA4EFB /* PBXTargetDependency */,
			);
			name = WebViewDemoTests;
			productName = WebViewDemoTests;
			productReference = 5E45C4E82728FB4400BA4EFB /* WebViewDemoTests.xctest */;
			productType = "com.apple.product-type.bundle.unit-test";
		};
		5E45C4F12728FB4400BA4EFB /* WebViewDemoUITests */ = {
			isa = PBXNativeTarget;
			buildConfigurationList = 5E45C5022728FB4400BA4EFB /* Build configuration list for PBXNativeTarget "WebViewDemoUITests" */;
			buildPhases = (
				5E45C4EE2728FB4400BA4EFB /* Sources */,
				5E45C4EF2728FB4400BA4EFB /* Frameworks */,
				5E45C4F02728FB4400BA4EFB /* Resources */,
			);
			buildRules = (
			);
			dependencies = (
				5E45C4F42728FB4400BA4EFB /* PBXTargetDependency */,
			);
			name = WebViewDemoUITests;
			productName = WebViewDemoUITests;
			productReference = 5E45C4F22728FB4400BA4EFB /* WebViewDemoUITests.xctest */;
			productType = "com.apple.product-type.bundle.ui-testing";
		};
/* End PBXNativeTarget section */

/* Begin PBXProject section */
		5E45C4CA2728FB4000BA4EFB /* Project object */ = {
			isa = PBXProject;
			attributes = {
				BuildIndependentTargetsInParallel = 1;
				LastSwiftUpdateCheck = 1300;
				LastUpgradeCheck = 1300;
				TargetAttributes = {
					5E45C4D12728FB4000BA4EFB = {
						CreatedOnToolsVersion = 13.0;
					};
					5E45C4E72728FB4400BA4EFB = {
						CreatedOnToolsVersion = 13.0;
						TestTargetID = 5E45C4D12728FB4000BA4EFB;
					};
					5E45C4F12728FB4400BA4EFB = {
						CreatedOnToolsVersion = 13.0;
						TestTargetID = 5E45C4D12728FB4000BA4EFB;
					};
				};
			};
			buildConfigurationList = 5E45C4CD2728FB4000BA4EFB /* Build configuration list for PBXProject "WebViewDemo" */;
			compatibilityVersion = "Xcode 13.0";
			developmentRegion = en;
			hasScannedForEncodings = 0;
			knownRegions = (
				en,
				Base,
			);
			mainGroup = 5E45C4C92728FB4000BA4EFB;
			productRefGroup = 5E45C4D32728FB4000BA4EFB /* Products */;
			projectDirPath = "";
			projectRoot = "";
			targets = (
				5E45C4D12728FB4000BA4EFB /* WebViewDemo */,
				5E45C4E72728FB4400BA4EFB /* WebViewDemoTests */,
				5E45C4F12728FB4400BA4EFB /* WebViewDemoUITests */,
			);
		};
/* End PBXProject section */

/* Begin PBXResourcesBuildPhase section */
		5E45C4D02728FB4000BA4EFB /* Resources */ = {
			isa = PBXResourcesBuildPhase;
			buildActionMask = 2147483647;
			files = (
				5E45C4E22728FB4300BA4EFB /* LaunchScreen.storyboard in Resources */,
				5E45C4DF2728FB4300BA4EFB /* Assets.xcassets in Resources */,
				5E45C4DD2728FB4000BA4EFB /* Main.storyboard in Resources */,
			);
			runOnlyForDeploymentPostprocessing = 0;
		};
		5E45C4E62728FB4400BA4EFB /* Resources */ = {
			isa = PBXResourcesBuildPhase;
			buildActionMask = 2147483647;
			files = (
			);
			runOnlyForDeploymentPostprocessing = 0;
		};
		5E45C4F02728FB4400BA4EFB /* Resources */ = {
			isa = PBXResourcesBuildPhase;
			buildActionMask = 2147483647;
			files = (
			);
			runOnlyForDeploymentPostprocessing = 0;
		};
/* End PBXResourcesBuildPhase section */

/* Begin PBXSourcesBuildPhase section */
		5E45C4CE2728FB4000BA4EFB /* Sources */ = {
			isa = PBXSourcesBuildPhase;
			buildActionMask = 2147483647;
			files = (
				5E45C4DA2728FB4000BA4EFB /* ViewController.swift in Sources */,
				5E45C4D62728FB4000BA4EFB /* AppDelegate.swift in Sources */,
				5E45C4D82728FB4000BA4EFB /* SceneDelegate.swift in Sources */,
			);
			runOnlyForDeploymentPostprocessing = 0;
		};
		5E45C4E42728FB4400BA4EFB /* Sources */ = {
			isa = PBXSourcesBuildPhase;
			buildActionMask = 2147483647;
			files = (
				5E45C4ED2728FB4400BA4EFB /* WebViewDemoTests.swift in Sources */,
			);
			runOnlyForDeploymentPostprocessing = 0;
		};
		5E45C4EE2728FB4400BA4EFB /* Sources */ = {
			isa = PBXSourcesBuildPhase;
			buildActionMask = 2147483647;
			files = (
				5E45C4F72728FB4400BA4EFB /* WebViewDemoUITests.swift in Sources */,
				5E45C4F92728FB4400BA4EFB /* WebViewDemoUITestsLaunchTests.swift in Sources */,
			);
			runOnlyForDeploymentPostprocessing = 0;
		};
/* End PBXSourcesBuildPhase section */

/* Begin PBXTargetDependency section */
		5E45C4EA2728FB4400BA4EFB /* PBXTargetDependency */ = {
			isa = PBXTargetDependency;
			target = 5E45C4D12728FB4000BA4EFB /* WebViewDemo */;
			targetProxy = 5E45C4E92728FB4400BA4EFB /* PBXContainerItemProxy */;
		};
		5E45C4F42728FB4400BA4EFB /* PBXTargetDependency */ = {
			isa = PBXTargetDependency;
			target = 5E45C4D12728FB4000BA4EFB /* WebViewDemo */;
			targetProxy = 5E45C4F32728FB4400BA4EFB /* PBXContainerItemProxy */;
		};
/* End PBXTargetDependency section */

/* Begin PBXVariantGroup section */
		5E45C4DB2728FB4000BA4EFB /* Main.storyboard */ = {
			isa = PBXVariantGroup;
			children = (
				5E45C4DC2728FB4000BA4EFB /* Base */,
			);
			name = Main.storyboard;
			sourceTree = "<group>";
		};
		5E45C4E02728FB4300BA4EFB /* LaunchScreen.storyboard */ = {
			isa = PBXVariantGroup;
			children = (
				5E45C4E12728FB4300BA4EFB /* Base */,
			);
			name = LaunchScreen.storyboard;
			sourceTree = "<group>";
		};
/* End PBXVariantGroup section */

/* Begin XCBuildConfiguration section */
		5E45C4FA2728FB4400BA4EFB /* Debug */ = {
			isa = XCBuildConfiguration;
			buildSettings = {
				ALWAYS_SEARCH_USER_PATHS = NO;
				CLANG_ANALYZER_NONNULL = YES;
				CLANG_ANALYZER_NUMBER_OBJECT_CONVERSION = YES_AGGRESSIVE;
				CLANG_CXX_LANGUAGE_STANDARD = "gnu++17";
				CLANG_CXX_LIBRARY = "libc++";
				CLANG_ENABLE_MODULES = YES;
				CLANG_ENABLE_OBJC_ARC = YES;
				CLANG_ENABLE_OBJC_WEAK = YES;
				CLANG_WARN_BLOCK_CAPTURE_AUTORELEASING = YES;
				CLANG_WARN_BOOL_CONVERSION = YES;
				CLANG_WARN_COMMA = YES;
				CLANG_WARN_CONSTANT_CONVERSION = YES;
				CLANG_WARN_DEPRECATED_OBJC_IMPLEMENTATIONS = YES;
				CLANG_WARN_DIRECT_OBJC_ISA_USAGE = YES_ERROR;
				CLANG_WARN_DOCUMENTATION_COMMENTS = YES;
				CLANG_WARN_EMPTY_BODY = YES;
				CLANG_WARN_ENUM_CONVERSION = YES;
				CLANG_WARN_INFINITE_RECURSION = YES;
				CLANG_WARN_INT_CONVERSION = YES;
				CLANG_WARN_NON_LITERAL_NULL_CONVERSION = YES;
				CLANG_WARN_OBJC_IMPLICIT_RETAIN_SELF = YES;
				CLANG_WARN_OBJC_LITERAL_CONVERSION = YES;
				CLANG_WARN_OBJC_ROOT_CLASS = YES_ERROR;
				CLANG_WARN_QUOTED_INCLUDE_IN_FRAMEWORK_HEADER = YES;
				CLANG_WARN_RANGE_LOOP_ANALYSIS = YES;
				CLANG_WARN_STRICT_PROTOTYPES = YES;
				CLANG_WARN_SUSPICIOUS_MOVE = YES;
				CLANG_WARN_UNGUARDED_AVAILABILITY = YES_AGGRESSIVE;
				CLANG_WARN_UNREACHABLE_CODE = YES;
				CLANG_WARN__DUPLICATE_METHOD_MATCH = YES;
				COPY_PHASE_STRIP = NO;
				DEBUG_INFORMATION_FORMAT = dwarf;
				ENABLE_STRICT_OBJC_MSGSEND = YES;
				ENABLE_TESTABILITY = YES;
				GCC_C_LANGUAGE_STANDARD = gnu11;
				GCC_DYNAMIC_NO_PIC = NO;
				GCC_NO_COMMON_BLOCKS = YES;
				GCC_OPTIMIZATION_LEVEL = 0;
				GCC_PREPROCESSOR_DEFINITIONS = (
					"DEBUG=1",
					"$(inherited)",
				);
				GCC_WARN_64_TO_32_BIT_CONVERSION = YES;
				GCC_WARN_ABOUT_RETURN_TYPE = YES_ERROR;
				GCC_WARN_UNDECLARED_SELECTOR = YES;
				GCC_WARN_UNINITIALIZED_AUTOS = YES_AGGRESSIVE;
				GCC_WARN_UNUSED_FUNCTION = YES;
				GCC_WARN_UNUSED_VARIABLE = YES;
				IPHONEOS_DEPLOYMENT_TARGET = 15.0;
				MTL_ENABLE_DEBUG_INFO = INCLUDE_SOURCE;
				MTL_FAST_MATH = YES;
				ONLY_ACTIVE_ARCH = YES;
				SDKROOT = iphoneos;
				SWIFT_ACTIVE_COMPILATION_CONDITIONS = DEBUG;
				SWIFT_OPTIMIZATION_LEVEL = "-Onone";
			};
			name = Debug;
		};
		5E45C4FB2728FB4400BA4EFB /* Release */ = {
			isa = XCBuildConfiguration;
			buildSettings = {
				ALWAYS_SEARCH_USER_PATHS = NO;
				CLANG_ANALYZER_NONNULL = YES;
				CLANG_ANALYZER_NUMBER_OBJECT_CONVERSION = YES_AGGRESSIVE;
				CLANG_CXX_LANGUAGE_STANDARD = "gnu++17";
				CLANG_CXX_LIBRARY = "libc++";
				CLANG_ENABLE_MODULES = YES;
				CLANG_ENABLE_OBJC_ARC = YES;
				CLANG_ENABLE_OBJC_WEAK = YES;
				CLANG_WARN_BLOCK_CAPTURE_AUTORELEASING = YES;
				CLANG_WARN_BOOL_CONVERSION = YES;
				CLANG_WARN_COMMA = YES;
				CLANG_WARN_CONSTANT_CONVERSION = YES;
				CLANG_WARN_DEPRECATED_OBJC_IMPLEMENTATIONS = YES;
				CLANG_WARN_DIRECT_OBJC_ISA_USAGE = YES_ERROR;
				CLANG_WARN_DOCUMENTATION_COMMENTS = YES;
				CLANG_WARN_EMPTY_BODY = YES;
				CLANG_WARN_ENUM_CONVERSION = YES;
				CLANG_WARN_INFINITE_RECURSION = YES;
				CLANG_WARN_INT_CONVERSION = YES;
				CLANG_WARN_NON_LITERAL_NULL_CONVERSION = YES;
				CLANG_WARN_OBJC_IMPLICIT_RETAIN_SELF = YES;
				CLANG_WARN_OBJC_LITERAL_CONVERSION = YES;
				CLANG_WARN_OBJC_ROOT_CLASS = YES_ERROR;
				CLANG_WARN_QUOTED_INCLUDE_IN_FRAMEWORK_HEADER = YES;
				CLANG_WARN_RANGE_LOOP_ANALYSIS = YES;
				CLANG_WARN_STRICT_PROTOTYPES = YES;
				CLANG_WARN_SUSPICIOUS_MOVE = YES;
				CLANG_WARN_UNGUARDED_AVAILABILITY = YES_AGGRESSIVE;
				CLANG_WARN_UNREACHABLE_CODE = YES;
				CLANG_WARN__DUPLICATE_METHOD_MATCH = YES;
				COPY_PHASE_STRIP = NO;
				DEBUG_INFORMATION_FORMAT = "dwarf-with-dsym";
				ENABLE_NS_ASSERTIONS = NO;
				ENABLE_STRICT_OBJC_MSGSEND = YES;
				GCC_C_LANGUAGE_STANDARD = gnu11;
				GCC_NO_COMMON_BLOCKS = YES;
				GCC_WARN_64_TO_32_BIT_CONVERSION = YES;
				GCC_WARN_ABOUT_RETURN_TYPE = YES_ERROR;
				GCC_WARN_UNDECLARED_SELECTOR = YES;
				GCC_WARN_UNINITIALIZED_AUTOS = YES_AGGRESSIVE;
				GCC_WARN_UNUSED_FUNCTION = YES;
				GCC_WARN_UNUSED_VARIABLE = YES;
				IPHONEOS_DEPLOYMENT_TARGET = 15.0;
				MTL_ENABLE_DEBUG_INFO = NO;
				MTL_FAST_MATH = YES;
				SDKROOT = iphoneos;
				SWIFT_COMPILATION_MODE = wholemodule;
				SWIFT_OPTIMIZATION_LEVEL = "-O";
				VALIDATE_PRODUCT = YES;
			};
			name = Release;
		};
		5E45C4FD2728FB4400BA4EFB /* Debug */ = {
			isa = XCBuildConfiguration;
			buildSettings = {
				ASSETCATALOG_COMPILER_APPICON_NAME = AppIcon;
				ASSETCATALOG_COMPILER_GLOBAL_ACCENT_COLOR_NAME = AccentColor;
				CODE_SIGN_STYLE = Automatic;
				CURRENT_PROJECT_VERSION = 1;
				DEVELOPMENT_TEAM = Y889UKRZ37;
				GENERATE_INFOPLIST_FILE = YES;
				INFOPLIST_FILE = WebViewDemo/Info.plist;
				INFOPLIST_KEY_UIApplicationSupportsIndirectInputEvents = YES;
				INFOPLIST_KEY_UILaunchStoryboardName = LaunchScreen;
				INFOPLIST_KEY_UIMainStoryboardFile = Main;
				INFOPLIST_KEY_UISupportedInterfaceOrientations_iPad = "UIInterfaceOrientationPortrait UIInterfaceOrientationPortraitUpsideDown UIInterfaceOrientationLandscapeLeft UIInterfaceOrientationLandscapeRight";
				INFOPLIST_KEY_UISupportedInterfaceOrientations_iPhone = "UIInterfaceOrientationPortrait UIInterfaceOrientationLandscapeLeft UIInterfaceOrientationLandscapeRight";
				LD_RUNPATH_SEARCH_PATHS = (
					"$(inherited)",
					"@executable_path/Frameworks",
				);
				MARKETING_VERSION = 1.0;
				PRODUCT_BUNDLE_IDENTIFIER = com.gululu.webviewdemo.WebViewDemo;
				PRODUCT_NAME = "$(TARGET_NAME)";
				SWIFT_EMIT_LOC_STRINGS = YES;
				SWIFT_VERSION = 5.0;
				TARGETED_DEVICE_FAMILY = "1,2";
			};
			name = Debug;
		};
		5E45C4FE2728FB4400BA4EFB /* Release */ = {
			isa = XCBuildConfiguration;
			buildSettings = {
				ASSETCATALOG_COMPILER_APPICON_NAME = AppIcon;
				ASSETCATALOG_COMPILER_GLOBAL_ACCENT_COLOR_NAME = AccentColor;
				CODE_SIGN_STYLE = Automatic;
				CURRENT_PROJECT_VERSION = 1;
				DEVELOPMENT_TEAM = Y889UKRZ37;
				GENERATE_INFOPLIST_FILE = YES;
				INFOPLIST_FILE = WebViewDemo/Info.plist;
				INFOPLIST_KEY_UIApplicationSupportsIndirectInputEvents = YES;
				INFOPLIST_KEY_UILaunchStoryboardName = LaunchScreen;
				INFOPLIST_KEY_UIMainStoryboardFile = Main;
				INFOPLIST_KEY_UISupportedInterfaceOrientations_iPad = "UIInterfaceOrientationPortrait UIInterfaceOrientationPortraitUpsideDown UIInterfaceOrientationLandscapeLeft UIInterfaceOrientationLandscapeRight";
				INFOPLIST_KEY_UISupportedInterfaceOrientations_iPhone = "UIInterfaceOrientationPortrait UIInterfaceOrientationLandscapeLeft UIInterfaceOrientationLandscapeRight";
				LD_RUNPATH_SEARCH_PATHS = (
					"$(inherited)",
					"@executable_path/Frameworks",
				);
				MARKETING_VERSION = 1.0;
				PRODUCT_BUNDLE_IDENTIFIER = com.gululu.webviewdemo.WebViewDemo;
				PRODUCT_NAME = "$(TARGET_NAME)";
				SWIFT_EMIT_LOC_STRINGS = YES;
				SWIFT_VERSION = 5.0;
				TARGETED_DEVICE_FAMILY = "1,2";
			};
			name = Release;
		};
		5E45C5002728FB4400BA4EFB /* Debug */ = {
			isa = XCBuildConfiguration;
			buildSettings = {
				ALWAYS_EMBED_SWIFT_STANDARD_LIBRARIES = YES;
				BUNDLE_LOADER = "$(TEST_HOST)";
				CODE_SIGN_STYLE = Automatic;
				CURRENT_PROJECT_VERSION = 1;
				DEVELOPMENT_TEAM = Y889UKRZ37;
				GENERATE_INFOPLIST_FILE = YES;
				IPHONEOS_DEPLOYMENT_TARGET = 15.0;
				LD_RUNPATH_SEARCH_PATHS = (
					"$(inherited)",
					"@executable_path/Frameworks",
					"@loader_path/Frameworks",
				);
				MARKETING_VERSION = 1.0;
				PRODUCT_BUNDLE_IDENTIFIER = com.gululu.webviewdemo.WebViewDemoTests;
				PRODUCT_NAME = "$(TARGET_NAME)";
				SWIFT_EMIT_LOC_STRINGS = NO;
				SWIFT_VERSION = 5.0;
				TARGETED_DEVICE_FAMILY = "1,2";
				TEST_HOST = "$(BUILT_PRODUCTS_DIR)/WebViewDemo.app/WebViewDemo";
			};
			name = Debug;
		};
		5E45C5012728FB4400BA4EFB /* Release */ = {
			isa = XCBuildConfiguration;
			buildSettings = {
				ALWAYS_EMBED_SWIFT_STANDARD_LIBRARIES = YES;
				BUNDLE_LOADER = "$(TEST_HOST)";
				CODE_SIGN_STYLE = Automatic;
				CURRENT_PROJECT_VERSION = 1;
				DEVELOPMENT_TEAM = Y889UKRZ37;
				GENERATE_INFOPLIST_FILE = YES;
				IPHONEOS_DEPLOYMENT_TARGET = 15.0;
				LD_RUNPATH_SEARCH_PATHS = (
					"$(inherited)",
					"@executable_path/Frameworks",
					"@loader_path/Frameworks",
				);
				MARKETING_VERSION = 1.0;
				PRODUCT_BUNDLE_IDENTIFIER = com.gululu.webviewdemo.WebViewDemoTests;
				PRODUCT_NAME = "$(TARGET_NAME)";
				SWIFT_EMIT_LOC_STRINGS = NO;
				SWIFT_VERSION = 5.0;
				TARGETED_DEVICE_FAMILY = "1,2";
				TEST_HOST = "$(BUILT_PRODUCTS_DIR)/WebViewDemo.app/WebViewDemo";
			};
			name = Release;
		};
		5E45C5032728FB4400BA4EFB /* Debug */ = {
			isa = XCBuildConfiguration;
			buildSettings = {
				ALWAYS_EMBED_SWIFT_STANDARD_LIBRARIES = YES;
				CODE_SIGN_STYLE = Automatic;
				CURRENT_PROJECT_VERSION = 1;
				DEVELOPMENT_TEAM = Y889UKRZ37;
				GENERATE_INFOPLIST_FILE = YES;
				LD_RUNPATH_SEARCH_PATHS = (
					"$(inherited)",
					"@executable_path/Frameworks",
					"@loader_path/Frameworks",
				);
				MARKETING_VERSION = 1.0;
				PRODUCT_BUNDLE_IDENTIFIER = com.gululu.webviewdemo.WebViewDemoUITests;
				PRODUCT_NAME = "$(TARGET_NAME)";
				SWIFT_EMIT_LOC_STRINGS = NO;
				SWIFT_VERSION = 5.0;
				TARGETED_DEVICE_FAMILY = "1,2";
				TEST_TARGET_NAME = WebViewDemo;
			};
			name = Debug;
		};
		5E45C5042728FB4400BA4EFB /* Release */ = {
			isa = XCBuildConfiguration;
			buildSettings = {
				ALWAYS_EMBED_SWIFT_STANDARD_LIBRARIES = YES;
				CODE_SIGN_STYLE = Automatic;
				CURRENT_PROJECT_VERSION = 1;
				DEVELOPMENT_TEAM = Y889UKRZ37;
				GENERATE_INFOPLIST_FILE = YES;
				LD_RUNPATH_SEARCH_PATHS = (
					"$(inherited)",
					"@executable_path/Frameworks",
					"@loader_path/Frameworks",
				);
				MARKETING_VERSION = 1.0;
				PRODUCT_BUNDLE_IDENTIFIER = com.gululu.webviewdemo.WebViewDemoUITests;
				PRODUCT_NAME = "$(TARGET_NAME)";
				SWIFT_EMIT_LOC_STRINGS = NO;
				SWIFT_VERSION = 5.0;
				TARGETED_DEVICE_FAMILY = "1,2";
				TEST_TARGET_NAME = WebViewDemo;
			};
			name = Release;
		};
/* End XCBuildConfiguration section */

/* Begin XCConfigurationList section */
		5E45C4CD2728FB4000BA4EFB /* Build configuration list for PBXProject "WebViewDemo" */ = {
			isa = XCConfigurationList;
			buildConfigurations = (
				5E45C4FA2728FB4400BA4EFB /* Debug */,
				5E45C4FB2728FB4400BA4EFB /* Release */,
			);
			defaultConfigurationIsVisible = 0;
			defaultConfigurationName = Release;
		};
		5E45C4FC2728FB4400BA4EFB /* Build configuration list for PBXNativeTarget "WebViewDemo" */ = {
			isa = XCConfigurationList;
			buildConfigurations = (
				5E45C4FD2728FB4400BA4EFB /* Debug */,
				5E45C4FE2728FB4400BA4EFB /* Release */,
			);
			defaultConfigurationIsVisible = 0;
			defaultConfigurationName = Release;
		};
		5E45C4FF2728FB4400BA4EFB /* Build configuration list for PBXNativeTarget "WebViewDemoTests" */ = {
			isa = XCConfigurationList;
			buildConfigurations = (
				5E45C5002728FB4400BA4EFB /* Debug */,
				5E45C5012728FB4400BA4EFB /* Release */,
			);
			defaultConfigurationIsVisible = 0;
			defaultConfigurationName = Release;
		};
		5E45C5022728FB4400BA4EFB /* Build configuration list for PBXNativeTarget "WebViewDemoUITests" */ = {
			isa = XCConfigurationList;
			buildConfigurations = (
				5E45C5032728FB4400BA4EFB /* Debug */,
				5E45C5042728FB4400BA4EFB /* Release */,
			);
			defaultConfigurationIsVisible = 0;
			defaultConfigurationName = Release;
		};
/* End XCConfigurationList section */
	};
	rootObject = 5E45C4CA2728FB4000BA4EFB /* Project object */;
}
