// !$*UTF8*$!
{
	archiveVersion = 1;
	classes = {
	};
	objectVersion = 55;
	objects = {

/* Begin PBXBuildFile section */
		5ECBDFF127326F6300095B0E /* AppDelegate.swift in Sources */ = {isa = PBXBuildFile; fileRef = 5ECBDFF027326F6300095B0E /* AppDelegate.swift */; };
		5ECBDFF327326F6300095B0E /* SceneDelegate.swift in Sources */ = {isa = PBXBuildFile; fileRef = 5ECBDFF227326F6300095B0E /* SceneDelegate.swift */; };
		5ECBDFF527326F6300095B0E /* ViewController.swift in Sources */ = {isa = PBXBuildFile; fileRef = 5ECBDFF427326F6300095B0E /* ViewController.swift */; };
		5ECBDFF827326F6300095B0E /* Main.storyboard in Resources */ = {isa = PBXBuildFile; fileRef = 5ECBDFF627326F6300095B0E /* Main.storyboard */; };
		5ECBDFFA27326F6600095B0E /* Assets.xcassets in Resources */ = {isa = PBXBuildFile; fileRef = 5ECBDFF927326F6600095B0E /* Assets.xcassets */; };
		5ECBDFFD27326F6600095B0E /* LaunchScreen.storyboard in Resources */ = {isa = PBXBuildFile; fileRef = 5ECBDFFB27326F6600095B0E /* LaunchScreen.storyboard */; };
		5ECBE00827326F6600095B0E /* SwiftUnityTests.swift in Sources */ = {isa = PBXBuildFile; fileRef = 5ECBE00727326F6600095B0E /* SwiftUnityTests.swift */; };
		5ECBE01227326F6600095B0E /* SwiftUnityUITests.swift in Sources */ = {isa = PBXBuildFile; fileRef = 5ECBE01127326F6600095B0E /* SwiftUnityUITests.swift */; };
		5ECBE01427326F6600095B0E /* SwiftUnityUITestsLaunchTests.swift in Sources */ = {isa = PBXBuildFile; fileRef = 5ECBE01327326F6600095B0E /* SwiftUnityUITestsLaunchTests.swift */; };
		5ECBE03E2732717700095B0E /* ContentView.swift in Sources */ = {isa = PBXBuildFile; fileRef = 5ECBE03D2732717700095B0E /* ContentView.swift */; };
		5ECBE040273272A100095B0E /* Unity.swift in Sources */ = {isa = PBXBuildFile; fileRef = 5ECBE03F273272A100095B0E /* Unity.swift */; };
		5ECBE075273280D400095B0E /* UnityFramework.framework in Frameworks */ = {isa = PBXBuildFile; fileRef = 5ECBE074273280D400095B0E /* UnityFramework.framework */; };
		5ECBE076273280D400095B0E /* UnityFramework.framework in Embed Frameworks */ = {isa = PBXBuildFile; fileRef = 5ECBE074273280D400095B0E /* UnityFramework.framework */; settings = {ATTRIBUTES = (CodeSignOnCopy, RemoveHeadersOnCopy, ); }; };
/* End PBXBuildFile section */

/* Begin PBXContainerItemProxy section */
		5ECBE00427326F6600095B0E /* PBXContainerItemProxy */ = {
			isa = PBXContainerItemProxy;
			containerPortal = 5ECBDFE527326F6300095B0E /* Project object */;
			proxyType = 1;
			remoteGlobalIDString = 5ECBDFEC27326F6300095B0E;
			remoteInfo = SwiftUnity;
		};
		5ECBE00E27326F6600095B0E /* PBXContainerItemProxy */ = {
			isa = PBXContainerItemProxy;
			containerPortal = 5ECBDFE527326F6300095B0E /* Project object */;
			proxyType = 1;
			remoteGlobalIDString = 5ECBDFEC27326F6300095B0E;
			remoteInfo = SwiftUnity;
		};
/* End PBXContainerItemProxy section */

/* Begin PBXCopyFilesBuildPhase section */
		5ECBE03C2732711700095B0E /* Embed Frameworks */ = {
			isa = PBXCopyFilesBuildPhase;
			buildActionMask = 2147483647;
			dstPath = "";
			dstSubfolderSpec = 10;
			files = (
				5ECBE076273280D400095B0E /* UnityFramework.framework in Embed Frameworks */,
			);
			name = "Embed Frameworks";
			runOnlyForDeploymentPostprocessing = 0;
		};
/* End PBXCopyFilesBuildPhase section */

/* Begin PBXFileReference section */
		5ECBDFED27326F6300095B0E /* SwiftUnity.app */ = {isa = PBXFileReference; explicitFileType = wrapper.application; includeInIndex = 0; path = SwiftUnity.app; sourceTree = BUILT_PRODUCTS_DIR; };
		5ECBDFF027326F6300095B0E /* AppDelegate.swift */ = {isa = PBXFileReference; lastKnownFileType = sourcecode.swift; path = AppDelegate.swift; sourceTree = "<group>"; };
		5ECBDFF227326F6300095B0E /* SceneDelegate.swift */ = {isa = PBXFileReference; lastKnownFileType = sourcecode.swift; path = SceneDelegate.swift; sourceTree = "<group>"; };
		5ECBDFF427326F6300095B0E /* ViewController.swift */ = {isa = PBXFileReference; lastKnownFileType = sourcecode.swift; path = ViewController.swift; sourceTree = "<group>"; };
		5ECBDFF727326F6300095B0E /* Base */ = {isa = PBXFileReference; lastKnownFileType = file.storyboard; name = Base; path = Base.lproj/Main.storyboard; sourceTree = "<group>"; };
		5ECBDFF927326F6600095B0E /* Assets.xcassets */ = {isa = PBXFileReference; lastKnownFileType = folder.assetcatalog; path = Assets.xcassets; sourceTree = "<group>"; };
		5ECBDFFC27326F6600095B0E /* Base */ = {isa = PBXFileReference; lastKnownFileType = file.storyboard; name = Base; path = Base.lproj/LaunchScreen.storyboard; sourceTree = "<group>"; };
		5ECBDFFE27326F6600095B0E /* Info.plist */ = {isa = PBXFileReference; lastKnownFileType = text.plist.xml; path = Info.plist; sourceTree = "<group>"; };
		5ECBE00327326F6600095B0E /* SwiftUnityTests.xctest */ = {isa = PBXFileReference; explicitFileType = wrapper.cfbundle; includeInIndex = 0; path = SwiftUnityTests.xctest; sourceTree = BUILT_PRODUCTS_DIR; };
		5ECBE00727326F6600095B0E /* SwiftUnityTests.swift */ = {isa = PBXFileReference; lastKnownFileType = sourcecode.swift; path = SwiftUnityTests.swift; sourceTree = "<group>"; };
		5ECBE00D27326F6600095B0E /* SwiftUnityUITests.xctest */ = {isa = PBXFileReference; explicitFileType = wrapper.cfbundle; includeInIndex = 0; path = SwiftUnityUITests.xctest; sourceTree = BUILT_PRODUCTS_DIR; };
		5ECBE01127326F6600095B0E /* SwiftUnityUITests.swift */ = {isa = PBXFileReference; lastKnownFileType = sourcecode.swift; path = SwiftUnityUITests.swift; sourceTree = "<group>"; };
		5ECBE01327326F6600095B0E /* SwiftUnityUITestsLaunchTests.swift */ = {isa = PBXFileReference; lastKnownFileType = sourcecode.swift; path = SwiftUnityUITestsLaunchTests.swift; sourceTree = "<group>"; };
		5ECBE03D2732717700095B0E /* ContentView.swift */ = {isa = PBXFileReference; lastKnownFileType = sourcecode.swift; path = ContentView.swift; sourceTree = "<group>"; };
		5ECBE03F273272A100095B0E /* Unity.swift */ = {isa = PBXFileReference; lastKnownFileType = sourcecode.swift; path = Unity.swift; sourceTree = "<group>"; };
		5ECBE074273280D400095B0E /* UnityFramework.framework */ = {isa = PBXFileReference; explicitFileType = wrapper.framework; path = UnityFramework.framework; sourceTree = BUILT_PRODUCTS_DIR; };
/* End PBXFileReference section */

/* Begin PBXFrameworksBuildPhase section */
		5ECBDFEA27326F6300095B0E /* Frameworks */ = {
			isa = PBXFrameworksBuildPhase;
			buildActionMask = 2147483647;
			files = (
				5ECBE075273280D400095B0E /* UnityFramework.framework in Frameworks */,
			);
			runOnlyForDeploymentPostprocessing = 0;
		};
		5ECBE00027326F6600095B0E /* Frameworks */ = {
			isa = PBXFrameworksBuildPhase;
			buildActionMask = 2147483647;
			files = (
			);
			runOnlyForDeploymentPostprocessing = 0;
		};
		5ECBE00A27326F6600095B0E /* Frameworks */ = {
			isa = PBXFrameworksBuildPhase;
			buildActionMask = 2147483647;
			files = (
			);
			runOnlyForDeploymentPostprocessing = 0;
		};
/* End PBXFrameworksBuildPhase section */

/* Begin PBXGroup section */
		5ECBDFE427326F6300095B0E = {
			isa = PBXGroup;
			children = (
				5ECBDFEF27326F6300095B0E /* SwiftUnity */,
				5ECBE00627326F6600095B0E /* SwiftUnityTests */,
				5ECBE01027326F6600095B0E /* SwiftUnityUITests */,
				5ECBDFEE27326F6300095B0E /* Products */,
				5ECBE0392732711700095B0E /* Frameworks */,
			);
			sourceTree = "<group>";
		};
		5ECBDFEE27326F6300095B0E /* Products */ = {
			isa = PBXGroup;
			children = (
				5ECBDFED27326F6300095B0E /* SwiftUnity.app */,
				5ECBE00327326F6600095B0E /* SwiftUnityTests.xctest */,
				5ECBE00D27326F6600095B0E /* SwiftUnityUITests.xctest */,
			);
			name = Products;
			sourceTree = "<group>";
		};
		5ECBDFEF27326F6300095B0E /* SwiftUnity */ = {
			isa = PBXGroup;
			children = (
				5ECBDFF027326F6300095B0E /* AppDelegate.swift */,
				5ECBDFF227326F6300095B0E /* SceneDelegate.swift */,
				5ECBDFF427326F6300095B0E /* ViewController.swift */,
				5ECBDFF627326F6300095B0E /* Main.storyboard */,
				5ECBDFF927326F6600095B0E /* Assets.xcassets */,
				5ECBDFFB27326F6600095B0E /* LaunchScreen.storyboard */,
				5ECBDFFE27326F6600095B0E /* Info.plist */,
				5ECBE03D2732717700095B0E /* ContentView.swift */,
				5ECBE03F273272A100095B0E /* Unity.swift */,
			);
			path = SwiftUnity;
			sourceTree = "<group>";
		};
		5ECBE00627326F6600095B0E /* SwiftUnityTests */ = {
			isa = PBXGroup;
			children = (
				5ECBE00727326F6600095B0E /* SwiftUnityTests.swift */,
			);
			path = SwiftUnityTests;
			sourceTree = "<group>";
		};
		5ECBE01027326F6600095B0E /* SwiftUnityUITests */ = {
			isa = PBXGroup;
			children = (
				5ECBE01127326F6600095B0E /* SwiftUnityUITests.swift */,
				5ECBE01327326F6600095B0E /* SwiftUnityUITestsLaunchTests.swift */,
			);
			path = SwiftUnityUITests;
			sourceTree = "<group>";
		};
		5ECBE0392732711700095B0E /* Frameworks */ = {
			isa = PBXGroup;
			children = (
				5ECBE074273280D400095B0E /* UnityFramework.framework */,
			);
			name = Frameworks;
			sourceTree = "<group>";
		};
/* End PBXGroup section */

/* Begin PBXNativeTarget section */
		5ECBDFEC27326F6300095B0E /* SwiftUnity */ = {
			isa = PBXNativeTarget;
			buildConfigurationList = 5ECBE01727326F6600095B0E /* Build configuration list for PBXNativeTarget "SwiftUnity" */;
			buildPhases = (
				5ECBDFE927326F6300095B0E /* Sources */,
				5ECBDFEA27326F6300095B0E /* Frameworks */,
				5ECBDFEB27326F6300095B0E /* Resources */,
				5ECBE03C2732711700095B0E /* Embed Frameworks */,
			);
			buildRules = (
			);
			dependencies = (
			);
			name = SwiftUnity;
			productName = SwiftUnity;
			productReference = 5ECBDFED27326F6300095B0E /* SwiftUnity.app */;
			productType = "com.apple.product-type.application";
		};
		5ECBE00227326F6600095B0E /* SwiftUnityTests */ = {
			isa = PBXNativeTarget;
			buildConfigurationList = 5ECBE01A27326F6600095B0E /* Build configuration list for PBXNativeTarget "SwiftUnityTests" */;
			buildPhases = (
				5ECBDFFF27326F6600095B0E /* Sources */,
				5ECBE00027326F6600095B0E /* Frameworks */,
				5ECBE00127326F6600095B0E /* Resources */,
			);
			buildRules = (
			);
			dependencies = (
				5ECBE00527326F6600095B0E /* PBXTargetDependency */,
			);
			name = SwiftUnityTests;
			productName = SwiftUnityTests;
			productReference = 5ECBE00327326F6600095B0E /* SwiftUnityTests.xctest */;
			productType = "com.apple.product-type.bundle.unit-test";
		};
		5ECBE00C27326F6600095B0E /* SwiftUnityUITests */ = {
			isa = PBXNativeTarget;
			buildConfigurationList = 5ECBE01D27326F6600095B0E /* Build configuration list for PBXNativeTarget "SwiftUnityUITests" */;
			buildPhases = (
				5ECBE00927326F6600095B0E /* Sources */,
				5ECBE00A27326F6600095B0E /* Frameworks */,
				5ECBE00B27326F6600095B0E /* Resources */,
			);
			buildRules = (
			);
			dependencies = (
				5ECBE00F27326F6600095B0E /* PBXTargetDependency */,
			);
			name = SwiftUnityUITests;
			productName = SwiftUnityUITests;
			productReference = 5ECBE00D27326F6600095B0E /* SwiftUnityUITests.xctest */;
			productType = "com.apple.product-type.bundle.ui-testing";
		};
/* End PBXNativeTarget section */

/* Begin PBXProject section */
		5ECBDFE527326F6300095B0E /* Project object */ = {
			isa = PBXProject;
			attributes = {
				BuildIndependentTargetsInParallel = 1;
				LastSwiftUpdateCheck = 1300;
				LastUpgradeCheck = 1300;
				TargetAttributes = {
					5ECBDFEC27326F6300095B0E = {
						CreatedOnToolsVersion = 13.0;
					};
					5ECBE00227326F6600095B0E = {
						CreatedOnToolsVersion = 13.0;
						TestTargetID = 5ECBDFEC27326F6300095B0E;
					};
					5ECBE00C27326F6600095B0E = {
						CreatedOnToolsVersion = 13.0;
						TestTargetID = 5ECBDFEC27326F6300095B0E;
					};
				};
			};
			buildConfigurationList = 5ECBDFE827326F6300095B0E /* Build configuration list for PBXProject "SwiftUnity" */;
			compatibilityVersion = "Xcode 13.0";
			developmentRegion = en;
			hasScannedForEncodings = 0;
			knownRegions = (
				en,
				Base,
			);
			mainGroup = 5ECBDFE427326F6300095B0E;
			productRefGroup = 5ECBDFEE27326F6300095B0E /* Products */;
			projectDirPath = "";
			projectRoot = "";
			targets = (
				5ECBDFEC27326F6300095B0E /* SwiftUnity */,
				5ECBE00227326F6600095B0E /* SwiftUnityTests */,
				5ECBE00C27326F6600095B0E /* SwiftUnityUITests */,
			);
		};
/* End PBXProject section */

/* Begin PBXResourcesBuildPhase section */
		5ECBDFEB27326F6300095B0E /* Resources */ = {
			isa = PBXResourcesBuildPhase;
			buildActionMask = 2147483647;
			files = (
				5ECBDFFD27326F6600095B0E /* LaunchScreen.storyboard in Resources */,
				5ECBDFFA27326F6600095B0E /* Assets.xcassets in Resources */,
				5ECBDFF827326F6300095B0E /* Main.storyboard in Resources */,
			);
			runOnlyForDeploymentPostprocessing = 0;
		};
		5ECBE00127326F6600095B0E /* Resources */ = {
			isa = PBXResourcesBuildPhase;
			buildActionMask = 2147483647;
			files = (
			);
			runOnlyForDeploymentPostprocessing = 0;
		};
		5ECBE00B27326F6600095B0E /* Resources */ = {
			isa = PBXResourcesBuildPhase;
			buildActionMask = 2147483647;
			files = (
			);
			runOnlyForDeploymentPostprocessing = 0;
		};
/* End PBXResourcesBuildPhase section */

/* Begin PBXSourcesBuildPhase section */
		5ECBDFE927326F6300095B0E /* Sources */ = {
			isa = PBXSourcesBuildPhase;
			buildActionMask = 2147483647;
			files = (
				5ECBDFF527326F6300095B0E /* ViewController.swift in Sources */,
				5ECBDFF127326F6300095B0E /* AppDelegate.swift in Sources */,
				5ECBE03E2732717700095B0E /* ContentView.swift in Sources */,
				5ECBDFF327326F6300095B0E /* SceneDelegate.swift in Sources */,
				5ECBE040273272A100095B0E /* Unity.swift in Sources */,
			);
			runOnlyForDeploymentPostprocessing = 0;
		};
		5ECBDFFF27326F6600095B0E /* Sources */ = {
			isa = PBXSourcesBuildPhase;
			buildActionMask = 2147483647;
			files = (
				5ECBE00827326F6600095B0E /* SwiftUnityTests.swift in Sources */,
			);
			runOnlyForDeploymentPostprocessing = 0;
		};
		5ECBE00927326F6600095B0E /* Sources */ = {
			isa = PBXSourcesBuildPhase;
			buildActionMask = 2147483647;
			files = (
				5ECBE01427326F6600095B0E /* SwiftUnityUITestsLaunchTests.swift in Sources */,
				5ECBE01227326F6600095B0E /* SwiftUnityUITests.swift in Sources */,
			);
			runOnlyForDeploymentPostprocessing = 0;
		};
/* End PBXSourcesBuildPhase section */

/* Begin PBXTargetDependency section */
		5ECBE00527326F6600095B0E /* PBXTargetDependency */ = {
			isa = PBXTargetDependency;
			target = 5ECBDFEC27326F6300095B0E /* SwiftUnity */;
			targetProxy = 5ECBE00427326F6600095B0E /* PBXContainerItemProxy */;
		};
		5ECBE00F27326F6600095B0E /* PBXTargetDependency */ = {
			isa = PBXTargetDependency;
			target = 5ECBDFEC27326F6300095B0E /* SwiftUnity */;
			targetProxy = 5ECBE00E27326F6600095B0E /* PBXContainerItemProxy */;
		};
/* End PBXTargetDependency section */

/* Begin PBXVariantGroup section */
		5ECBDFF627326F6300095B0E /* Main.storyboard */ = {
			isa = PBXVariantGroup;
			children = (
				5ECBDFF727326F6300095B0E /* Base */,
			);
			name = Main.storyboard;
			sourceTree = "<group>";
		};
		5ECBDFFB27326F6600095B0E /* LaunchScreen.storyboard */ = {
			isa = PBXVariantGroup;
			children = (
				5ECBDFFC27326F6600095B0E /* Base */,
			);
			name = LaunchScreen.storyboard;
			sourceTree = "<group>";
		};
/* End PBXVariantGroup section */

/* Begin XCBuildConfiguration section */
		5ECBE01527326F6600095B0E /* Debug */ = {
			isa = XCBuildConfiguration;
			buildSettings = {
				ALWAYS_SEARCH_USER_PATHS = NO;
				CLANG_ANALYZER_NONNULL = YES;
				CLANG_ANALYZER_NUMBER_OBJECT_CONVERSION = YES_AGGRESSIVE;
				CLANG_CXX_LANGUAGE_STANDARD = "gnu++17";
				CLANG_CXX_LIBRARY = "libc++";
				CLANG_ENABLE_MODULES = YES;
				CLANG_ENABLE_OBJC_ARC = YES;
				CLANG_ENABLE_OBJC_WEAK = YES;
				CLANG_WARN_BLOCK_CAPTURE_AUTORELEASING = YES;
				CLANG_WARN_BOOL_CONVERSION = YES;
				CLANG_WARN_COMMA = YES;
				CLANG_WARN_CONSTANT_CONVERSION = YES;
				CLANG_WARN_DEPRECATED_OBJC_IMPLEMENTATIONS = YES;
				CLANG_WARN_DIRECT_OBJC_ISA_USAGE = YES_ERROR;
				CLANG_WARN_DOCUMENTATION_COMMENTS = YES;
				CLANG_WARN_EMPTY_BODY = YES;
				CLANG_WARN_ENUM_CONVERSION = YES;
				CLANG_WARN_INFINITE_RECURSION = YES;
				CLANG_WARN_INT_CONVERSION = YES;
				CLANG_WARN_NON_LITERAL_NULL_CONVERSION = YES;
				CLANG_WARN_OBJC_IMPLICIT_RETAIN_SELF = YES;
				CLANG_WARN_OBJC_LITERAL_CONVERSION = YES;
				CLANG_WARN_OBJC_ROOT_CLASS = YES_ERROR;
				CLANG_WARN_QUOTED_INCLUDE_IN_FRAMEWORK_HEADER = YES;
				CLANG_WARN_RANGE_LOOP_ANALYSIS = YES;
				CLANG_WARN_STRICT_PROTOTYPES = YES;
				CLANG_WARN_SUSPICIOUS_MOVE = YES;
				CLANG_WARN_UNGUARDED_AVAILABILITY = YES_AGGRESSIVE;
				CLANG_WARN_UNREACHABLE_CODE = YES;
				CLANG_WARN__DUPLICATE_METHOD_MATCH = YES;
				COPY_PHASE_STRIP = NO;
				DEBUG_INFORMATION_FORMAT = dwarf;
				ENABLE_STRICT_OBJC_MSGSEND = YES;
				ENABLE_TESTABILITY = YES;
				GCC_C_LANGUAGE_STANDARD = gnu11;
				GCC_DYNAMIC_NO_PIC = NO;
				GCC_NO_COMMON_BLOCKS = YES;
				GCC_OPTIMIZATION_LEVEL = 0;
				GCC_PREPROCESSOR_DEFINITIONS = (
					"DEBUG=1",
					"$(inherited)",
				);
				GCC_WARN_64_TO_32_BIT_CONVERSION = YES;
				GCC_WARN_ABOUT_RETURN_TYPE = YES_ERROR;
				GCC_WARN_UNDECLARED_SELECTOR = YES;
				GCC_WARN_UNINITIALIZED_AUTOS = YES_AGGRESSIVE;
				GCC_WARN_UNUSED_FUNCTION = YES;
				GCC_WARN_UNUSED_VARIABLE = YES;
				IPHONEOS_DEPLOYMENT_TARGET = 15.0;
				MTL_ENABLE_DEBUG_INFO = INCLUDE_SOURCE;
				MTL_FAST_MATH = YES;
				ONLY_ACTIVE_ARCH = YES;
				SDKROOT = iphoneos;
				SWIFT_ACTIVE_COMPILATION_CONDITIONS = DEBUG;
				SWIFT_OPTIMIZATION_LEVEL = "-Onone";
			};
			name = Debug;
		};
		5ECBE01627326F6600095B0E /* Release */ = {
			isa = XCBuildConfiguration;
			buildSettings = {
				ALWAYS_SEARCH_USER_PATHS = NO;
				CLANG_ANALYZER_NONNULL = YES;
				CLANG_ANALYZER_NUMBER_OBJECT_CONVERSION = YES_AGGRESSIVE;
				CLANG_CXX_LANGUAGE_STANDARD = "gnu++17";
				CLANG_CXX_LIBRARY = "libc++";
				CLANG_ENABLE_MODULES = YES;
				CLANG_ENABLE_OBJC_ARC = YES;
				CLANG_ENABLE_OBJC_WEAK = YES;
				CLANG_WARN_BLOCK_CAPTURE_AUTORELEASING = YES;
				CLANG_WARN_BOOL_CONVERSION = YES;
				CLANG_WARN_COMMA = YES;
				CLANG_WARN_CONSTANT_CONVERSION = YES;
				CLANG_WARN_DEPRECATED_OBJC_IMPLEMENTATIONS = YES;
				CLANG_WARN_DIRECT_OBJC_ISA_USAGE = YES_ERROR;
				CLANG_WARN_DOCUMENTATION_COMMENTS = YES;
				CLANG_WARN_EMPTY_BODY = YES;
				CLANG_WARN_ENUM_CONVERSION = YES;
				CLANG_WARN_INFINITE_RECURSION = YES;
				CLANG_WARN_INT_CONVERSION = YES;
				CLANG_WARN_NON_LITERAL_NULL_CONVERSION = YES;
				CLANG_WARN_OBJC_IMPLICIT_RETAIN_SELF = YES;
				CLANG_WARN_OBJC_LITERAL_CONVERSION = YES;
				CLANG_WARN_OBJC_ROOT_CLASS = YES_ERROR;
				CLANG_WARN_QUOTED_INCLUDE_IN_FRAMEWORK_HEADER = YES;
				CLANG_WARN_RANGE_LOOP_ANALYSIS = YES;
				CLANG_WARN_STRICT_PROTOTYPES = YES;
				CLANG_WARN_SUSPICIOUS_MOVE = YES;
				CLANG_WARN_UNGUARDED_AVAILABILITY = YES_AGGRESSIVE;
				CLANG_WARN_UNREACHABLE_CODE = YES;
				CLANG_WARN__DUPLICATE_METHOD_MATCH = YES;
				COPY_PHASE_STRIP = NO;
				DEBUG_INFORMATION_FORMAT = "dwarf-with-dsym";
				ENABLE_NS_ASSERTIONS = NO;
				ENABLE_STRICT_OBJC_MSGSEND = YES;
				GCC_C_LANGUAGE_STANDARD = gnu11;
				GCC_NO_COMMON_BLOCKS = YES;
				GCC_WARN_64_TO_32_BIT_CONVERSION = YES;
				GCC_WARN_ABOUT_RETURN_TYPE = YES_ERROR;
				GCC_WARN_UNDECLARED_SELECTOR = YES;
				GCC_WARN_UNINITIALIZED_AUTOS = YES_AGGRESSIVE;
				GCC_WARN_UNUSED_FUNCTION = YES;
				GCC_WARN_UNUSED_VARIABLE = YES;
				IPHONEOS_DEPLOYMENT_TARGET = 15.0;
				MTL_ENABLE_DEBUG_INFO = NO;
				MTL_FAST_MATH = YES;
				SDKROOT = iphoneos;
				SWIFT_COMPILATION_MODE = wholemodule;
				SWIFT_OPTIMIZATION_LEVEL = "-O";
				VALIDATE_PRODUCT = YES;
			};
			name = Release;
		};
		5ECBE01827326F6600095B0E /* Debug */ = {
			isa = XCBuildConfiguration;
			buildSettings = {
				ASSETCATALOG_COMPILER_APPICON_NAME = AppIcon;
				ASSETCATALOG_COMPILER_GLOBAL_ACCENT_COLOR_NAME = AccentColor;
				CODE_SIGN_STYLE = Automatic;
				CURRENT_PROJECT_VERSION = 1;
				DEVELOPMENT_TEAM = Y889UKRZ37;
				GENERATE_INFOPLIST_FILE = YES;
				INFOPLIST_FILE = SwiftUnity/Info.plist;
				INFOPLIST_KEY_UIApplicationSupportsIndirectInputEvents = YES;
				INFOPLIST_KEY_UILaunchStoryboardName = LaunchScreen;
				INFOPLIST_KEY_UIMainStoryboardFile = Main;
				INFOPLIST_KEY_UISupportedInterfaceOrientations_iPad = "UIInterfaceOrientationPortrait UIInterfaceOrientationPortraitUpsideDown UIInterfaceOrientationLandscapeLeft UIInterfaceOrientationLandscapeRight";
				INFOPLIST_KEY_UISupportedInterfaceOrientations_iPhone = "UIInterfaceOrientationPortrait UIInterfaceOrientationLandscapeLeft UIInterfaceOrientationLandscapeRight";
				LD_RUNPATH_SEARCH_PATHS = (
					"$(inherited)",
					"@executable_path/Frameworks",
				);
				MARKETING_VERSION = 1.0;
				PRODUCT_BUNDLE_IDENTIFIER = com.gululu.swiftunity;
				PRODUCT_NAME = "$(TARGET_NAME)";
				SWIFT_EMIT_LOC_STRINGS = YES;
				SWIFT_VERSION = 5.0;
				TARGETED_DEVICE_FAMILY = "1,2";
			};
			name = Debug;
		};
		5ECBE01927326F6600095B0E /* Release */ = {
			isa = XCBuildConfiguration;
			buildSettings = {
				ASSETCATALOG_COMPILER_APPICON_NAME = AppIcon;
				ASSETCATALOG_COMPILER_GLOBAL_ACCENT_COLOR_NAME = AccentColor;
				CODE_SIGN_STYLE = Automatic;
				CURRENT_PROJECT_VERSION = 1;
				DEVELOPMENT_TEAM = Y889UKRZ37;
				GENERATE_INFOPLIST_FILE = YES;
				INFOPLIST_FILE = SwiftUnity/Info.plist;
				INFOPLIST_KEY_UIApplicationSupportsIndirectInputEvents = YES;
				INFOPLIST_KEY_UILaunchStoryboardName = LaunchScreen;
				INFOPLIST_KEY_UIMainStoryboardFile = Main;
				INFOPLIST_KEY_UISupportedInterfaceOrientations_iPad = "UIInterfaceOrientationPortrait UIInterfaceOrientationPortraitUpsideDown UIInterfaceOrientationLandscapeLeft UIInterfaceOrientationLandscapeRight";
				INFOPLIST_KEY_UISupportedInterfaceOrientations_iPhone = "UIInterfaceOrientationPortrait UIInterfaceOrientationLandscapeLeft UIInterfaceOrientationLandscapeRight";
				LD_RUNPATH_SEARCH_PATHS = (
					"$(inherited)",
					"@executable_path/Frameworks",
				);
				MARKETING_VERSION = 1.0;
				PRODUCT_BUNDLE_IDENTIFIER = com.gululu.swiftunity;
				PRODUCT_NAME = "$(TARGET_NAME)";
				SWIFT_EMIT_LOC_STRINGS = YES;
				SWIFT_VERSION = 5.0;
				TARGETED_DEVICE_FAMILY = "1,2";
			};
			name = Release;
		};
		5ECBE01B27326F6600095B0E /* Debug */ = {
			isa = XCBuildConfiguration;
			buildSettings = {
				ALWAYS_EMBED_SWIFT_STANDARD_LIBRARIES = YES;
				BUNDLE_LOADER = "$(TEST_HOST)";
				CODE_SIGN_STYLE = Automatic;
				CURRENT_PROJECT_VERSION = 1;
				DEVELOPMENT_TEAM = Y889UKRZ37;
				GENERATE_INFOPLIST_FILE = YES;
				IPHONEOS_DEPLOYMENT_TARGET = 15.0;
				LD_RUNPATH_SEARCH_PATHS = (
					"$(inherited)",
					"@executable_path/Frameworks",
					"@loader_path/Frameworks",
				);
				MARKETING_VERSION = 1.0;
				PRODUCT_BUNDLE_IDENTIFIER = com.gululu.webviewdemo.SwiftUnityTests;
				PRODUCT_NAME = "$(TARGET_NAME)";
				SWIFT_EMIT_LOC_STRINGS = NO;
				SWIFT_VERSION = 5.0;
				TARGETED_DEVICE_FAMILY = "1,2";
				TEST_HOST = "$(BUILT_PRODUCTS_DIR)/SwiftUnity.app/SwiftUnity";
			};
			name = Debug;
		};
		5ECBE01C27326F6600095B0E /* Release */ = {
			isa = XCBuildConfiguration;
			buildSettings = {
				ALWAYS_EMBED_SWIFT_STANDARD_LIBRARIES = YES;
				BUNDLE_LOADER = "$(TEST_HOST)";
				CODE_SIGN_STYLE = Automatic;
				CURRENT_PROJECT_VERSION = 1;
				DEVELOPMENT_TEAM = Y889UKRZ37;
				GENERATE_INFOPLIST_FILE = YES;
				IPHONEOS_DEPLOYMENT_TARGET = 15.0;
				LD_RUNPATH_SEARCH_PATHS = (
					"$(inherited)",
					"@executable_path/Frameworks",
					"@loader_path/Frameworks",
				);
				MARKETING_VERSION = 1.0;
				PRODUCT_BUNDLE_IDENTIFIER = com.gululu.webviewdemo.SwiftUnityTests;
				PRODUCT_NAME = "$(TARGET_NAME)";
				SWIFT_EMIT_LOC_STRINGS = NO;
				SWIFT_VERSION = 5.0;
				TARGETED_DEVICE_FAMILY = "1,2";
				TEST_HOST = "$(BUILT_PRODUCTS_DIR)/SwiftUnity.app/SwiftUnity";
			};
			name = Release;
		};
		5ECBE01E27326F6600095B0E /* Debug */ = {
			isa = XCBuildConfiguration;
			buildSettings = {
				ALWAYS_EMBED_SWIFT_STANDARD_LIBRARIES = YES;
				CODE_SIGN_STYLE = Automatic;
				CURRENT_PROJECT_VERSION = 1;
				DEVELOPMENT_TEAM = Y889UKRZ37;
				GENERATE_INFOPLIST_FILE = YES;
				LD_RUNPATH_SEARCH_PATHS = (
					"$(inherited)",
					"@executable_path/Frameworks",
					"@loader_path/Frameworks",
				);
				MARKETING_VERSION = 1.0;
				PRODUCT_BUNDLE_IDENTIFIER = com.gululu.webviewdemo.SwiftUnityUITests;
				PRODUCT_NAME = "$(TARGET_NAME)";
				SWIFT_EMIT_LOC_STRINGS = NO;
				SWIFT_VERSION = 5.0;
				TARGETED_DEVICE_FAMILY = "1,2";
				TEST_TARGET_NAME = SwiftUnity;
			};
			name = Debug;
		};
		5ECBE01F27326F6600095B0E /* Release */ = {
			isa = XCBuildConfiguration;
			buildSettings = {
				ALWAYS_EMBED_SWIFT_STANDARD_LIBRARIES = YES;
				CODE_SIGN_STYLE = Automatic;
				CURRENT_PROJECT_VERSION = 1;
				DEVELOPMENT_TEAM = Y889UKRZ37;
				GENERATE_INFOPLIST_FILE = YES;
				LD_RUNPATH_SEARCH_PATHS = (
					"$(inherited)",
					"@executable_path/Frameworks",
					"@loader_path/Frameworks",
				);
				MARKETING_VERSION = 1.0;
				PRODUCT_BUNDLE_IDENTIFIER = com.gululu.webviewdemo.SwiftUnityUITests;
				PRODUCT_NAME = "$(TARGET_NAME)";
				SWIFT_EMIT_LOC_STRINGS = NO;
				SWIFT_VERSION = 5.0;
				TARGETED_DEVICE_FAMILY = "1,2";
				TEST_TARGET_NAME = SwiftUnity;
			};
			name = Release;
		};
/* End XCBuildConfiguration section */

/* Begin XCConfigurationList section */
		5ECBDFE827326F6300095B0E /* Build configuration list for PBXProject "SwiftUnity" */ = {
			isa = XCConfigurationList;
			buildConfigurations = (
				5ECBE01527326F6600095B0E /* Debug */,
				5ECBE01627326F6600095B0E /* Release */,
			);
			defaultConfigurationIsVisible = 0;
			defaultConfigurationName = Release;
		};
		5ECBE01727326F6600095B0E /* Build configuration list for PBXNativeTarget "SwiftUnity" */ = {
			isa = XCConfigurationList;
			buildConfigurations = (
				5ECBE01827326F6600095B0E /* Debug */,
				5ECBE01927326F6600095B0E /* Release */,
			);
			defaultConfigurationIsVisible = 0;
			defaultConfigurationName = Release;
		};
		5ECBE01A27326F6600095B0E /* Build configuration list for PBXNativeTarget "SwiftUnityTests" */ = {
			isa = XCConfigurationList;
			buildConfigurations = (
				5ECBE01B27326F6600095B0E /* Debug */,
				5ECBE01C27326F6600095B0E /* Release */,
			);
			defaultConfigurationIsVisible = 0;
			defaultConfigurationName = Release;
		};
		5ECBE01D27326F6600095B0E /* Build configuration list for PBXNativeTarget "SwiftUnityUITests" */ = {
			isa = XCConfigurationList;
			buildConfigurations = (
				5ECBE01E27326F6600095B0E /* Debug */,
				5ECBE01F27326F6600095B0E /* Release */,
			);
			defaultConfigurationIsVisible = 0;
			defaultConfigurationName = Release;
		};
/* End XCConfigurationList section */
	};
	rootObject = 5ECBDFE527326F6300095B0E /* Project object */;
}
